
Microsoft Visual Studio Solution File, Format Version 12.00
# Visual Studio Version 17
VisualStudioVersion = 17.14.36623.8
MinimumVisualStudioVersion = 10.0.40219.1
Project("{FAE04EC0-301F-11D3-BF4B-00C04F79EFBC}") = "StudyHub.DAL", "StudyHub.DAL\StudyHub.DAL.csproj", "{E1C32747-258E-4EAB-A391-8C0161CA95D8}"
EndProject
Project("{FAE04EC0-301F-11D3-BF4B-00C04F79EFBC}") = "StudyHub.BLL", "StudyHub.BLL\StudyHub.BLL.csproj", "{AED1BA13-75E7-4DC1-A336-3D5AC22AFBBE}"
EndProject
Project("{FAE04EC0-301F-11D3-BF4B-00C04F79EFBC}") = "StudyHub", "StudyHub\StudyHub.csproj", "{BF600EC3-5310-5654-C988-E6CEB473CBBE}"
EndProject
Global
	GlobalSection(SolutionConfigurationPlatforms) = preSolution
		Debug|Any CPU = Debug|Any CPU
		Release|Any CPU = Release|Any CPU
	EndGlobalSection
	GlobalSection(ProjectConfigurationPlatforms) = postSolution
		{E1C32747-258E-4EAB-A391-8C0161CA95D8}.Debug|Any CPU.ActiveCfg = Debug|Any CPU
		{E1C32747-258E-4EAB-A391-8C0161CA95D8}.Debug|Any CPU.Build.0 = Debug|Any CPU
		{E1C32747-258E-4EAB-A391-8C0161CA95D8}.Release|Any CPU.ActiveCfg = Release|Any CPU
		{E1C32747-258E-4EAB-A391-8C0161CA95D8}.Release|Any CPU.Build.0 = Release|Any CPU
		{AED1BA13-75E7-4DC1-A336-3D5AC22AFBBE}.Debug|Any CPU.ActiveCfg = Debug|Any CPU
		{AED1BA13-75E7-4DC1-A336-3D5AC22AFBBE}.Debug|Any CPU.Build.0 = Debug|Any CPU
		{AED1BA13-75E7-4DC1-A336-3D5AC22AFBBE}.Release|Any CPU.ActiveCfg = Release|Any CPU
		{AED1BA13-75E7-4DC1-A336-3D5AC22AFBBE}.Release|Any CPU.Build.0 = Release|Any CPU
		{BF600EC3-5310-5654-C988-E6CEB473CBBE}.Debug|Any CPU.ActiveCfg = Debug|Any CPU
		{BF600EC3-5310-5654-C988-E6CEB473CBBE}.Debug|Any CPU.Build.0 = Debug|Any CPU
		{BF600EC3-5310-5654-C988-E6CEB473CBBE}.Release|Any CPU.ActiveCfg = Release|Any CPU
		{BF600EC3-5310-5654-C988-E6CEB473CBBE}.Release|Any CPU.Build.0 = Release|Any CPU
	EndGlobalSection
	GlobalSection(SolutionProperties) = preSolution
		HideSolutionNode = FALSE
	EndGlobalSection
EndGlobal
